hash: 1ec1b13e8dee8e2bd0d874371d23691a36c9fbc755325d107778f7814ec789af
updated: 2017-06-06T15:43:48.345024494Z
imports:
- name: github.com/aws/aws-sdk-go
  version: 328d4b6c297ec5d4f86543fca46254699d82cada
  subpackages:
  - aws
  - aws/awserr
  - aws/awsutil
  - aws/client
  - aws/client/metadata
  - aws/corehandlers
  - aws/credentials
  - aws/credentials/ec2rolecreds
  - aws/credentials/endpointcreds
  - aws/credentials/stscreds
  - aws/defaults
  - aws/ec2metadata
  - aws/endpoints
  - aws/request
  - aws/session
  - aws/signer/v4
  - internal/shareddefaults
  - private/protocol
  - private/protocol/query
  - private/protocol/query/queryutil
  - private/protocol/rest
  - private/protocol/restxml
  - private/protocol/xml/xmlutil
  - service/s3
  - service/sts
- name: github.com/docker/distribution
  version: 1e2f10eb65743fed02f573d31a4587de09afb20e
  subpackages:
  - digestset
  - reference
- name: github.com/docker/docker
  version: 84149ac17d8ebfe8fc8995d9152114ed3071e884
  subpackages:
  - api
  - api/types
  - api/types/blkiodev
  - api/types/container
  - api/types/events
  - api/types/filters
  - api/types/image
  - api/types/mount
  - api/types/network
  - api/types/registry
  - api/types/strslice
  - api/types/swarm
  - api/types/time
  - api/types/versions
  - api/types/volume
  - pkg/ioutils
  - pkg/longpath
  - pkg/mount
  - pkg/system
  - pkg/tlsconfig
- name: github.com/docker/go-connections
  version: e15c02316c12de00874640cd76311849de2aeed5
  subpackages:
  - nat
  - sockets
  - tlsconfig
- name: github.com/docker/go-units
  version: 0dadbb0345b35ec7ef35e228dabb8de89a65bf52
- name: github.com/docker/libtrust
  version: aabc10ec26b754e797f9028f4589c5b7bd90dc20
- name: github.com/go-ini/ini
  version: d3de07a94d22b4a0972deb4b96d790c2c0ce8333
- name: github.com/jmespath/go-jmespath
  version: bd40a432e4c76585ef6b72d3fd96fb9b6dc7b68d
- name: github.com/Microsoft/go-winio
  version: f533f7a102197536779ea3a8cb881d639e21ec5a
- name: github.com/moby/moby
  version: 90d35abf7b3535c1c319c872900fbd76374e521c
  subpackages:
  - api/types
  - api/types/container
  - api/types/network
  - client
- name: github.com/mreiferson/go-snappystream
  version: 028eae7ab5c4c9e2d1cb4c4ca1e53259bbe7e504
  subpackages:
  - snappy-go
- name: github.com/nsqio/go-nsq
  version: d71fb89c9e0263aaed89645b0b168e11ccf597b1
- name: github.com/opencontainers/go-digest
  version: eaa60544f31ccf3b0653b1a118b76d33418ff41b
- name: github.com/opencontainers/image-spec
  version: 372ad780f63454fbbbbcc7cf80e5b90245c13e13
  subpackages:
  - specs-go
  - specs-go/v1
- name: github.com/pkg/errors
  version: c605e284fe17294bda444b34710735b29d1a9d90
- name: github.com/satori/go.uuid
  version: 879c5887cd475cd7864858769793b2ceb0d44feb
- name: github.com/Sirupsen/logrus
  version: 5e5dc898656f695e2a086b8e12559febbfc01562
- name: golang.org/x/net
  version: 59a0b19b5533c7977ddeb86b017bf507ed407b12
  subpackages:
  - context
  - context/ctxhttp
  - proxy
- name: golang.org/x/sys
  version: b90f89a1e7a9c1f6b918820b3daa7f08488c8594
  subpackages:
  - unix
  - windows
testImports:
- name: github.com/davecgh/go-spew
  version: 6d212800a42e8ab5c146b8ace3490ee17e5225f9
  subpackages:
  - spew
- name: github.com/pmezard/go-difflib
  version: d8ed2627bdf02c080bf22230dbb337003b7aba2d
  subpackages:
  - difflib
- name: github.com/stretchr/testify
  version: 69483b4bd14f5845b5a1e55bca19e954e827f1d0
  subpackages:
  - assert
